
Microsoft Visual Studio Solution File, Format Version 12.00
# Visual Studio 14
VisualStudioVersion = 14.0.23107.0
MinimumVisualStudioVersion = 10.0.40219.1
Project("{FAE04EC0-301F-11D3-BF4B-00C04F79EFBC}") = "DeviceHive.WindowsManager", "DeviceHive.WindowsManager\DeviceHive.WindowsManager.csproj", "{C3706723-1F8E-4E6D-B686-01299531BB5E}"
EndProject
Project("{FAE04EC0-301F-11D3-BF4B-00C04F79EFBC}") = "DeviceHive.Client.Portable", "..\Client\DeviceHive.Client\DeviceHive.Client.Portable.csproj", "{1052C7BB-20F4-4BEE-A6F8-75578F218CEF}"
EndProject
Project("{FAE04EC0-301F-11D3-BF4B-00C04F79EFBC}") = "DeviceHive.Client.Universal", "..\Client\DeviceHive.Client.Universal\DeviceHive.Client.Universal.csproj", "{E58654F1-B31F-4235-AC57-74CFBBD635CE}"
EndProject
Project("{FAE04EC0-301F-11D3-BF4B-00C04F79EFBC}") = "DeviceHive.WindowsManager.Universal", "DeviceHive.WindowsManager.Universal\DeviceHive.WindowsManager.Universal.csproj", "{4B1FE16A-F138-4749-AB58-9F2452C58DEF}"
EndProject
Global
	GlobalSection(SolutionConfigurationPlatforms) = preSolution
		Debug|Any CPU = Debug|Any CPU
		Debug|ARM = Debug|ARM
		Debug|x64 = Debug|x64
		Debug|x86 = Debug|x86
		Release|Any CPU = Release|Any CPU
		Release|ARM = Release|ARM
		Release|x64 = Release|x64
		Release|x86 = Release|x86
	EndGlobalSection
	GlobalSection(ProjectConfigurationPlatforms) = postSolution
		{C3706723-1F8E-4E6D-B686-01299531BB5E}.Debug|Any CPU.ActiveCfg = Debug|Any CPU
		{C3706723-1F8E-4E6D-B686-01299531BB5E}.Debug|Any CPU.Build.0 = Debug|Any CPU
		{C3706723-1F8E-4E6D-B686-01299531BB5E}.Debug|Any CPU.Deploy.0 = Debug|Any CPU
		{C3706723-1F8E-4E6D-B686-01299531BB5E}.Debug|ARM.ActiveCfg = Debug|ARM
		{C3706723-1F8E-4E6D-B686-01299531BB5E}.Debug|ARM.Build.0 = Debug|ARM
		{C3706723-1F8E-4E6D-B686-01299531BB5E}.Debug|ARM.Deploy.0 = Debug|ARM
		{C3706723-1F8E-4E6D-B686-01299531BB5E}.Debug|x64.ActiveCfg = Debug|x64
		{C3706723-1F8E-4E6D-B686-01299531BB5E}.Debug|x64.Build.0 = Debug|x64
		{C3706723-1F8E-4E6D-B686-01299531BB5E}.Debug|x64.Deploy.0 = Debug|x64
		{C3706723-1F8E-4E6D-B686-01299531BB5E}.Debug|x86.ActiveCfg = Debug|x86
		{C3706723-1F8E-4E6D-B686-01299531BB5E}.Debug|x86.Build.0 = Debug|x86
		{C3706723-1F8E-4E6D-B686-01299531BB5E}.Debug|x86.Deploy.0 = Debug|x86
		{C3706723-1F8E-4E6D-B686-01299531BB5E}.Release|Any CPU.ActiveCfg = Release|Any CPU
		{C3706723-1F8E-4E6D-B686-01299531BB5E}.Release|Any CPU.Build.0 = Release|Any CPU
		{C3706723-1F8E-4E6D-B686-01299531BB5E}.Release|Any CPU.Deploy.0 = Release|Any CPU
		{C3706723-1F8E-4E6D-B686-01299531BB5E}.Release|ARM.ActiveCfg = Release|ARM
		{C3706723-1F8E-4E6D-B686-01299531BB5E}.Release|ARM.Build.0 = Release|ARM
		{C3706723-1F8E-4E6D-B686-01299531BB5E}.Release|ARM.Deploy.0 = Release|ARM
		{C3706723-1F8E-4E6D-B686-01299531BB5E}.Release|x64.ActiveCfg = Release|x64
		{C3706723-1F8E-4E6D-B686-01299531BB5E}.Release|x64.Build.0 = Release|x64
		{C3706723-1F8E-4E6D-B686-01299531BB5E}.Release|x64.Deploy.0 = Release|x64
		{C3706723-1F8E-4E6D-B686-01299531BB5E}.Release|x86.ActiveCfg = Release|x86
		{C3706723-1F8E-4E6D-B686-01299531BB5E}.Release|x86.Build.0 = Release|x86
		{C3706723-1F8E-4E6D-B686-01299531BB5E}.Release|x86.Deploy.0 = Release|x86
		{1052C7BB-20F4-4BEE-A6F8-75578F218CEF}.Debug|Any CPU.ActiveCfg = Debug|Any CPU
		{1052C7BB-20F4-4BEE-A6F8-75578F218CEF}.Debug|Any CPU.Build.0 = Debug|Any CPU
		{1052C7BB-20F4-4BEE-A6F8-75578F218CEF}.Debug|ARM.ActiveCfg = Debug|Any CPU
		{1052C7BB-20F4-4BEE-A6F8-75578F218CEF}.Debug|x64.ActiveCfg = Debug|Any CPU
		{1052C7BB-20F4-4BEE-A6F8-75578F218CEF}.Debug|x86.ActiveCfg = Debug|Any CPU
		{1052C7BB-20F4-4BEE-A6F8-75578F218CEF}.Release|Any CPU.ActiveCfg = Release|Any CPU
		{1052C7BB-20F4-4BEE-A6F8-75578F218CEF}.Release|Any CPU.Build.0 = Release|Any CPU
		{1052C7BB-20F4-4BEE-A6F8-75578F218CEF}.Release|ARM.ActiveCfg = Release|Any CPU
		{1052C7BB-20F4-4BEE-A6F8-75578F218CEF}.Release|x64.ActiveCfg = Release|Any CPU
		{1052C7BB-20F4-4BEE-A6F8-75578F218CEF}.Release|x86.ActiveCfg = Release|Any CPU
		{E58654F1-B31F-4235-AC57-74CFBBD635CE}.Debug|Any CPU.ActiveCfg = Debug|Any CPU
		{E58654F1-B31F-4235-AC57-74CFBBD635CE}.Debug|Any CPU.Build.0 = Debug|Any CPU
		{E58654F1-B31F-4235-AC57-74CFBBD635CE}.Debug|ARM.ActiveCfg = Debug|ARM
		{E58654F1-B31F-4235-AC57-74CFBBD635CE}.Debug|ARM.Build.0 = Debug|ARM
		{E58654F1-B31F-4235-AC57-74CFBBD635CE}.Debug|x64.ActiveCfg = Debug|x64
		{E58654F1-B31F-4235-AC57-74CFBBD635CE}.Debug|x64.Build.0 = Debug|x64
		{E58654F1-B31F-4235-AC57-74CFBBD635CE}.Debug|x86.ActiveCfg = Debug|x86
		{E58654F1-B31F-4235-AC57-74CFBBD635CE}.Debug|x86.Build.0 = Debug|x86
		{E58654F1-B31F-4235-AC57-74CFBBD635CE}.Release|Any CPU.ActiveCfg = Release|Any CPU
		{E58654F1-B31F-4235-AC57-74CFBBD635CE}.Release|Any CPU.Build.0 = Release|Any CPU
		{E58654F1-B31F-4235-AC57-74CFBBD635CE}.Release|ARM.ActiveCfg = Release|ARM
		{E58654F1-B31F-4235-AC57-74CFBBD635CE}.Release|ARM.Build.0 = Release|ARM
		{E58654F1-B31F-4235-AC57-74CFBBD635CE}.Release|x64.ActiveCfg = Release|x64
		{E58654F1-B31F-4235-AC57-74CFBBD635CE}.Release|x64.Build.0 = Release|x64
		{E58654F1-B31F-4235-AC57-74CFBBD635CE}.Release|x86.ActiveCfg = Release|x86
		{E58654F1-B31F-4235-AC57-74CFBBD635CE}.Release|x86.Build.0 = Release|x86
		{4B1FE16A-F138-4749-AB58-9F2452C58DEF}.Debug|Any CPU.ActiveCfg = Debug|Any CPU
		{4B1FE16A-F138-4749-AB58-9F2452C58DEF}.Debug|Any CPU.Build.0 = Debug|Any CPU
		{4B1FE16A-F138-4749-AB58-9F2452C58DEF}.Debug|Any CPU.Deploy.0 = Debug|Any CPU
		{4B1FE16A-F138-4749-AB58-9F2452C58DEF}.Debug|ARM.ActiveCfg = Debug|ARM
		{4B1FE16A-F138-4749-AB58-9F2452C58DEF}.Debug|ARM.Build.0 = Debug|ARM
		{4B1FE16A-F138-4749-AB58-9F2452C58DEF}.Debug|ARM.Deploy.0 = Debug|ARM
		{4B1FE16A-F138-4749-AB58-9F2452C58DEF}.Debug|x64.ActiveCfg = Debug|x64
		{4B1FE16A-F138-4749-AB58-9F2452C58DEF}.Debug|x64.Build.0 = Debug|x64
		{4B1FE16A-F138-4749-AB58-9F2452C58DEF}.Debug|x64.Deploy.0 = Debug|x64
		{4B1FE16A-F138-4749-AB58-9F2452C58DEF}.Debug|x86.ActiveCfg = Debug|x86
		{4B1FE16A-F138-4749-AB58-9F2452C58DEF}.Debug|x86.Build.0 = Debug|x86
		{4B1FE16A-F138-4749-AB58-9F2452C58DEF}.Debug|x86.Deploy.0 = Debug|x86
		{4B1FE16A-F138-4749-AB58-9F2452C58DEF}.Release|Any CPU.ActiveCfg = Release|Any CPU
		{4B1FE16A-F138-4749-AB58-9F2452C58DEF}.Release|Any CPU.Build.0 = Release|Any CPU
		{4B1FE16A-F138-4749-AB58-9F2452C58DEF}.Release|Any CPU.Deploy.0 = Release|Any CPU
		{4B1FE16A-F138-4749-AB58-9F2452C58DEF}.Release|ARM.ActiveCfg = Release|ARM
		{4B1FE16A-F138-4749-AB58-9F2452C58DEF}.Release|ARM.Build.0 = Release|ARM
		{4B1FE16A-F138-4749-AB58-9F2452C58DEF}.Release|ARM.Deploy.0 = Release|ARM
		{4B1FE16A-F138-4749-AB58-9F2452C58DEF}.Release|x64.ActiveCfg = Release|x64
		{4B1FE16A-F138-4749-AB58-9F2452C58DEF}.Release|x64.Build.0 = Release|x64
		{4B1FE16A-F138-4749-AB58-9F2452C58DEF}.Release|x64.Deploy.0 = Release|x64
		{4B1FE16A-F138-4749-AB58-9F2452C58DEF}.Release|x86.ActiveCfg = Release|x86
		{4B1FE16A-F138-4749-AB58-9F2452C58DEF}.Release|x86.Build.0 = Release|x86
		{4B1FE16A-F138-4749-AB58-9F2452C58DEF}.Release|x86.Deploy.0 = Release|x86
	EndGlobalSection
	GlobalSection(SolutionProperties) = preSolution
		HideSolutionNode = FALSE
	EndGlobalSection
EndGlobal
