
Microsoft Visual Studio Solution File, Format Version 12.00
# Visual Studio 2012
Project("{FAE04EC0-301F-11D3-BF4B-00C04F79EFBC}") = "DeviceHive.Client", "DeviceHive.Client\DeviceHive.Client.csproj", "{D7F93BDD-EDD0-48A8-B1A5-6C2274319260}"
EndProject
Project("{2150E333-8FDC-42A3-9474-1A3956D46DE8}") = "Examples", "Examples", "{F166CA5E-C3ED-40EC-B5DE-21DB3CFA02CA}"
EndProject
Project("{FAE04EC0-301F-11D3-BF4B-00C04F79EFBC}") = "VirtualLedClient", "Examples\VirtualLedClient\VirtualLedClient.csproj", "{C8227E9E-0F5C-4AB8-83F0-1D7F4D667FD7}"
EndProject
Global
	GlobalSection(SolutionConfigurationPlatforms) = preSolution
		Debug|Any CPU = Debug|Any CPU
		Release|Any CPU = Release|Any CPU
	EndGlobalSection
	GlobalSection(ProjectConfigurationPlatforms) = postSolution
		{D7F93BDD-EDD0-48A8-B1A5-6C2274319260}.Debug|Any CPU.ActiveCfg = Debug|Any CPU
		{D7F93BDD-EDD0-48A8-B1A5-6C2274319260}.Debug|Any CPU.Build.0 = Debug|Any CPU
		{D7F93BDD-EDD0-48A8-B1A5-6C2274319260}.Release|Any CPU.ActiveCfg = Release|Any CPU
		{D7F93BDD-EDD0-48A8-B1A5-6C2274319260}.Release|Any CPU.Build.0 = Release|Any CPU
		{C8227E9E-0F5C-4AB8-83F0-1D7F4D667FD7}.Debug|Any CPU.ActiveCfg = Debug|Any CPU
		{C8227E9E-0F5C-4AB8-83F0-1D7F4D667FD7}.Debug|Any CPU.Build.0 = Debug|Any CPU
		{C8227E9E-0F5C-4AB8-83F0-1D7F4D667FD7}.Release|Any CPU.ActiveCfg = Release|Any CPU
		{C8227E9E-0F5C-4AB8-83F0-1D7F4D667FD7}.Release|Any CPU.Build.0 = Release|Any CPU
	EndGlobalSection
	GlobalSection(SolutionProperties) = preSolution
		HideSolutionNode = FALSE
	EndGlobalSection
	GlobalSection(NestedProjects) = preSolution
		{C8227E9E-0F5C-4AB8-83F0-1D7F4D667FD7} = {F166CA5E-C3ED-40EC-B5DE-21DB3CFA02CA}
	EndGlobalSection
EndGlobal
