
Microsoft Visual Studio Solution File, Format Version 12.00
# Visual Studio 2013
VisualStudioVersion = 12.0.30723.0
MinimumVisualStudioVersion = 10.0.40219.1
Project("{FAE04EC0-301F-11D3-BF4B-00C04F79EFBC}") = "DeviceHive.Client", "DeviceHive.Client\DeviceHive.Client.csproj", "{1052C7BB-20F4-4BEE-A6F8-75578F218CEF}"
EndProject
Project("{2150E333-8FDC-42A3-9474-1A3956D46DE8}") = "Examples", "Examples", "{13DEA1F9-EF28-4EEB-8945-2C5AC77AC92D}"
EndProject
Project("{FAE04EC0-301F-11D3-BF4B-00C04F79EFBC}") = "VirtualLedClient", "Examples\VirtualLedClient\VirtualLedClient.csproj", "{57CD14F1-5ABC-4793-BAC0-9E7D48F1F1AF}"
EndProject
Global
	GlobalSection(SolutionConfigurationPlatforms) = preSolution
		Debug|Any CPU = Debug|Any CPU
		Release|Any CPU = Release|Any CPU
	EndGlobalSection
	GlobalSection(ProjectConfigurationPlatforms) = postSolution
		{1052C7BB-20F4-4BEE-A6F8-75578F218CEF}.Debug|Any CPU.ActiveCfg = Debug|Any CPU
		{1052C7BB-20F4-4BEE-A6F8-75578F218CEF}.Debug|Any CPU.Build.0 = Debug|Any CPU
		{1052C7BB-20F4-4BEE-A6F8-75578F218CEF}.Release|Any CPU.ActiveCfg = Release|Any CPU
		{1052C7BB-20F4-4BEE-A6F8-75578F218CEF}.Release|Any CPU.Build.0 = Release|Any CPU
		{57CD14F1-5ABC-4793-BAC0-9E7D48F1F1AF}.Debug|Any CPU.ActiveCfg = Debug|Any CPU
		{57CD14F1-5ABC-4793-BAC0-9E7D48F1F1AF}.Debug|Any CPU.Build.0 = Debug|Any CPU
		{57CD14F1-5ABC-4793-BAC0-9E7D48F1F1AF}.Release|Any CPU.ActiveCfg = Release|Any CPU
		{57CD14F1-5ABC-4793-BAC0-9E7D48F1F1AF}.Release|Any CPU.Build.0 = Release|Any CPU
	EndGlobalSection
	GlobalSection(SolutionProperties) = preSolution
		HideSolutionNode = FALSE
	EndGlobalSection
	GlobalSection(NestedProjects) = preSolution
		{57CD14F1-5ABC-4793-BAC0-9E7D48F1F1AF} = {13DEA1F9-EF28-4EEB-8945-2C5AC77AC92D}
	EndGlobalSection
EndGlobal
