
Microsoft Visual Studio Solution File, Format Version 11.00
# Visual Studio 2010
Project("{FAE04EC0-301F-11D3-BF4B-00C04F79EFBC}") = "DeviceHive.Client", "DeviceHive.Client\DeviceHive.Client.csproj", "{7C50A4A9-3564-42F2-BE2B-267664925A16}"
EndProject
Project("{FAE04EC0-301F-11D3-BF4B-00C04F79EFBC}") = "VirtualLedClient", "Examples\VirtualLedClient\VirtualLedClient.csproj", "{9B1A0ACD-5CE0-43FE-BD19-5CFC632475B7}"
EndProject
Project("{2150E333-8FDC-42A3-9474-1A3956D46DE8}") = ".nuget", ".nuget", "{CE51D270-A7A7-4D34-866C-5928DAEB693A}"
	ProjectSection(SolutionItems) = preProject
		.nuget\NuGet.Config = .nuget\NuGet.Config
		.nuget\NuGet.exe = .nuget\NuGet.exe
		.nuget\NuGet.targets = .nuget\NuGet.targets
	EndProjectSection
EndProject
Project("{2150E333-8FDC-42A3-9474-1A3956D46DE8}") = "Examples", "Examples", "{0D17BD69-4D12-4BC9-9888-55FD6990FF91}"
EndProject
Project("{FAE04EC0-301F-11D3-BF4B-00C04F79EFBC}") = "WebSocket4Net", "WebSocket4Net\WebSocket4Net.csproj", "{6920447F-76B1-4739-822E-9CE3A2882718}"
EndProject
Project("{FAE04EC0-301F-11D3-BF4B-00C04F79EFBC}") = "Core", "ss\Core\Core.csproj", "{1BC7E184-8225-425A-900E-9FEA38865E20}"
EndProject
Project("{FAE04EC0-301F-11D3-BF4B-00C04F79EFBC}") = "Common", "ss\Common\Common.csproj", "{87FA4C97-A768-463B-B1D1-317A07C5FACE}"
EndProject
Project("{FAE04EC0-301F-11D3-BF4B-00C04F79EFBC}") = "Protocol", "ss\Protocol\Protocol.csproj", "{D9A94B6C-7A16-4472-916C-AF2CD1B1F226}"
EndProject
Project("{FAE04EC0-301F-11D3-BF4B-00C04F79EFBC}") = "Proxy", "ss\Proxy\Proxy.csproj", "{00BD38B0-9D33-4E65-9B86-01576FD8B778}"
EndProject
Global
	GlobalSection(SolutionConfigurationPlatforms) = preSolution
		Debug|Any CPU = Debug|Any CPU
		Debug|Mixed Platforms = Debug|Mixed Platforms
		Debug|x86 = Debug|x86
		Release|Any CPU = Release|Any CPU
		Release|Mixed Platforms = Release|Mixed Platforms
		Release|x86 = Release|x86
	EndGlobalSection
	GlobalSection(ProjectConfigurationPlatforms) = postSolution
		{7C50A4A9-3564-42F2-BE2B-267664925A16}.Debug|Any CPU.ActiveCfg = Debug|Any CPU
		{7C50A4A9-3564-42F2-BE2B-267664925A16}.Debug|Any CPU.Build.0 = Debug|Any CPU
		{7C50A4A9-3564-42F2-BE2B-267664925A16}.Debug|Mixed Platforms.ActiveCfg = Debug|Any CPU
		{7C50A4A9-3564-42F2-BE2B-267664925A16}.Debug|Mixed Platforms.Build.0 = Debug|Any CPU
		{7C50A4A9-3564-42F2-BE2B-267664925A16}.Debug|x86.ActiveCfg = Debug|Any CPU
		{7C50A4A9-3564-42F2-BE2B-267664925A16}.Release|Any CPU.ActiveCfg = Release|Any CPU
		{7C50A4A9-3564-42F2-BE2B-267664925A16}.Release|Any CPU.Build.0 = Release|Any CPU
		{7C50A4A9-3564-42F2-BE2B-267664925A16}.Release|Mixed Platforms.ActiveCfg = Release|Any CPU
		{7C50A4A9-3564-42F2-BE2B-267664925A16}.Release|Mixed Platforms.Build.0 = Release|Any CPU
		{7C50A4A9-3564-42F2-BE2B-267664925A16}.Release|x86.ActiveCfg = Release|Any CPU
		{9B1A0ACD-5CE0-43FE-BD19-5CFC632475B7}.Debug|Any CPU.ActiveCfg = Debug|x86
		{9B1A0ACD-5CE0-43FE-BD19-5CFC632475B7}.Debug|Mixed Platforms.ActiveCfg = Debug|x86
		{9B1A0ACD-5CE0-43FE-BD19-5CFC632475B7}.Debug|Mixed Platforms.Build.0 = Debug|x86
		{9B1A0ACD-5CE0-43FE-BD19-5CFC632475B7}.Debug|x86.ActiveCfg = Debug|x86
		{9B1A0ACD-5CE0-43FE-BD19-5CFC632475B7}.Debug|x86.Build.0 = Debug|x86
		{9B1A0ACD-5CE0-43FE-BD19-5CFC632475B7}.Release|Any CPU.ActiveCfg = Release|x86
		{9B1A0ACD-5CE0-43FE-BD19-5CFC632475B7}.Release|Mixed Platforms.ActiveCfg = Release|x86
		{9B1A0ACD-5CE0-43FE-BD19-5CFC632475B7}.Release|Mixed Platforms.Build.0 = Release|x86
		{9B1A0ACD-5CE0-43FE-BD19-5CFC632475B7}.Release|x86.ActiveCfg = Release|x86
		{9B1A0ACD-5CE0-43FE-BD19-5CFC632475B7}.Release|x86.Build.0 = Release|x86
		{6920447F-76B1-4739-822E-9CE3A2882718}.Debug|Any CPU.ActiveCfg = Debug|Any CPU
		{6920447F-76B1-4739-822E-9CE3A2882718}.Debug|Any CPU.Build.0 = Debug|Any CPU
		{6920447F-76B1-4739-822E-9CE3A2882718}.Debug|Mixed Platforms.ActiveCfg = Debug|Any CPU
		{6920447F-76B1-4739-822E-9CE3A2882718}.Debug|Mixed Platforms.Build.0 = Debug|Any CPU
		{6920447F-76B1-4739-822E-9CE3A2882718}.Debug|x86.ActiveCfg = Debug|Any CPU
		{6920447F-76B1-4739-822E-9CE3A2882718}.Release|Any CPU.ActiveCfg = Release|Any CPU
		{6920447F-76B1-4739-822E-9CE3A2882718}.Release|Any CPU.Build.0 = Release|Any CPU
		{6920447F-76B1-4739-822E-9CE3A2882718}.Release|Mixed Platforms.ActiveCfg = Release|Any CPU
		{6920447F-76B1-4739-822E-9CE3A2882718}.Release|Mixed Platforms.Build.0 = Release|Any CPU
		{6920447F-76B1-4739-822E-9CE3A2882718}.Release|x86.ActiveCfg = Release|Any CPU
		{1BC7E184-8225-425A-900E-9FEA38865E20}.Debug|Any CPU.ActiveCfg = Debug|Any CPU
		{1BC7E184-8225-425A-900E-9FEA38865E20}.Debug|Any CPU.Build.0 = Debug|Any CPU
		{1BC7E184-8225-425A-900E-9FEA38865E20}.Debug|Mixed Platforms.ActiveCfg = Debug|Any CPU
		{1BC7E184-8225-425A-900E-9FEA38865E20}.Debug|Mixed Platforms.Build.0 = Debug|Any CPU
		{1BC7E184-8225-425A-900E-9FEA38865E20}.Debug|x86.ActiveCfg = Debug|Any CPU
		{1BC7E184-8225-425A-900E-9FEA38865E20}.Release|Any CPU.ActiveCfg = Release|Any CPU
		{1BC7E184-8225-425A-900E-9FEA38865E20}.Release|Any CPU.Build.0 = Release|Any CPU
		{1BC7E184-8225-425A-900E-9FEA38865E20}.Release|Mixed Platforms.ActiveCfg = Release|Any CPU
		{1BC7E184-8225-425A-900E-9FEA38865E20}.Release|Mixed Platforms.Build.0 = Release|Any CPU
		{1BC7E184-8225-425A-900E-9FEA38865E20}.Release|x86.ActiveCfg = Release|Any CPU
		{87FA4C97-A768-463B-B1D1-317A07C5FACE}.Debug|Any CPU.ActiveCfg = Debug|Any CPU
		{87FA4C97-A768-463B-B1D1-317A07C5FACE}.Debug|Any CPU.Build.0 = Debug|Any CPU
		{87FA4C97-A768-463B-B1D1-317A07C5FACE}.Debug|Mixed Platforms.ActiveCfg = Debug|Any CPU
		{87FA4C97-A768-463B-B1D1-317A07C5FACE}.Debug|Mixed Platforms.Build.0 = Debug|Any CPU
		{87FA4C97-A768-463B-B1D1-317A07C5FACE}.Debug|x86.ActiveCfg = Debug|Any CPU
		{87FA4C97-A768-463B-B1D1-317A07C5FACE}.Release|Any CPU.ActiveCfg = Release|Any CPU
		{87FA4C97-A768-463B-B1D1-317A07C5FACE}.Release|Any CPU.Build.0 = Release|Any CPU
		{87FA4C97-A768-463B-B1D1-317A07C5FACE}.Release|Mixed Platforms.ActiveCfg = Release|Any CPU
		{87FA4C97-A768-463B-B1D1-317A07C5FACE}.Release|Mixed Platforms.Build.0 = Release|Any CPU
		{87FA4C97-A768-463B-B1D1-317A07C5FACE}.Release|x86.ActiveCfg = Release|Any CPU
		{D9A94B6C-7A16-4472-916C-AF2CD1B1F226}.Debug|Any CPU.ActiveCfg = Debug|Any CPU
		{D9A94B6C-7A16-4472-916C-AF2CD1B1F226}.Debug|Any CPU.Build.0 = Debug|Any CPU
		{D9A94B6C-7A16-4472-916C-AF2CD1B1F226}.Debug|Mixed Platforms.ActiveCfg = Debug|Any CPU
		{D9A94B6C-7A16-4472-916C-AF2CD1B1F226}.Debug|Mixed Platforms.Build.0 = Debug|Any CPU
		{D9A94B6C-7A16-4472-916C-AF2CD1B1F226}.Debug|x86.ActiveCfg = Debug|Any CPU
		{D9A94B6C-7A16-4472-916C-AF2CD1B1F226}.Release|Any CPU.ActiveCfg = Release|Any CPU
		{D9A94B6C-7A16-4472-916C-AF2CD1B1F226}.Release|Any CPU.Build.0 = Release|Any CPU
		{D9A94B6C-7A16-4472-916C-AF2CD1B1F226}.Release|Mixed Platforms.ActiveCfg = Release|Any CPU
		{D9A94B6C-7A16-4472-916C-AF2CD1B1F226}.Release|Mixed Platforms.Build.0 = Release|Any CPU
		{D9A94B6C-7A16-4472-916C-AF2CD1B1F226}.Release|x86.ActiveCfg = Release|Any CPU
		{00BD38B0-9D33-4E65-9B86-01576FD8B778}.Debug|Any CPU.ActiveCfg = Debug|Any CPU
		{00BD38B0-9D33-4E65-9B86-01576FD8B778}.Debug|Any CPU.Build.0 = Debug|Any CPU
		{00BD38B0-9D33-4E65-9B86-01576FD8B778}.Debug|Mixed Platforms.ActiveCfg = Debug|Any CPU
		{00BD38B0-9D33-4E65-9B86-01576FD8B778}.Debug|Mixed Platforms.Build.0 = Debug|Any CPU
		{00BD38B0-9D33-4E65-9B86-01576FD8B778}.Debug|x86.ActiveCfg = Debug|Any CPU
		{00BD38B0-9D33-4E65-9B86-01576FD8B778}.Release|Any CPU.ActiveCfg = Release|Any CPU
		{00BD38B0-9D33-4E65-9B86-01576FD8B778}.Release|Any CPU.Build.0 = Release|Any CPU
		{00BD38B0-9D33-4E65-9B86-01576FD8B778}.Release|Mixed Platforms.ActiveCfg = Release|Any CPU
		{00BD38B0-9D33-4E65-9B86-01576FD8B778}.Release|Mixed Platforms.Build.0 = Release|Any CPU
		{00BD38B0-9D33-4E65-9B86-01576FD8B778}.Release|x86.ActiveCfg = Release|Any CPU
	EndGlobalSection
	GlobalSection(SolutionProperties) = preSolution
		HideSolutionNode = FALSE
	EndGlobalSection
	GlobalSection(NestedProjects) = preSolution
		{9B1A0ACD-5CE0-43FE-BD19-5CFC632475B7} = {0D17BD69-4D12-4BC9-9888-55FD6990FF91}
	EndGlobalSection
EndGlobal
